// !$*UTF8*$!
{
	archiveVersion = 1;
	classes = {
	};
	objectVersion = 63;
	objects = {

/* Begin PBXBuildFile section */
		B31198E32E85482600B44F6D /* OutputImageView.xib in Resources */ = {isa = PBXBuildFile; fileRef = B31198E22E85482600B44F6D /* OutputImageView.xib */; };
		B31198E52E854C7500B44F6D /* OutputImageView.swift in Sources */ = {isa = PBXBuildFile; fileRef = B31198E42E854C7500B44F6D /* OutputImageView.swift */; };
		B3AA562D2E83B3690088D92E /* AppDelegate.swift in Sources */ = {isa = PBXBuildFile; fileRef = B3AA56232E83B3690088D92E /* AppDelegate.swift */; };
		B3AA562E2E83B3690088D92E /* SceneDelegate.swift in Sources */ = {isa = PBXBuildFile; fileRef = B3AA562A2E83B3690088D92E /* SceneDelegate.swift */; };
		B3AA562F2E83B3690088D92E /* ViewController.swift in Sources */ = {isa = PBXBuildFile; fileRef = B3AA562B2E83B3690088D92E /* ViewController.swift */; };
		B3AA56302E83B3690088D92E /* Assets.xcassets in Resources */ = {isa = PBXBuildFile; fileRef = B3AA56242E83B3690088D92E /* Assets.xcassets */; };
		B3AA56322E83B3690088D92E /* LaunchScreen.storyboard in Resources */ = {isa = PBXBuildFile; fileRef = B3AA56272E83B3690088D92E /* LaunchScreen.storyboard */; };
		B3AA56332E83B3690088D92E /* Main.storyboard in Resources */ = {isa = PBXBuildFile; fileRef = B3AA56292E83B3690088D92E /* Main.storyboard */; };
		B3AA56372E83B3740088D92E /* Comphy1v2ApiRequest.swift in Sources */ = {isa = PBXBuildFile; fileRef = B3AA56352E83B3740088D92E /* Comphy1v2ApiRequest.swift */; };
		B3AA56382E83B3740088D92E /* Comphy2ApiRequest.swift in Sources */ = {isa = PBXBuildFile; fileRef = B3AA56362E83B3740088D92E /* Comphy2ApiRequest.swift */; };
		B3AA563B2E83B3A80088D92E /* Extras+Constant.swift in Sources */ = {isa = PBXBuildFile; fileRef = B3AA563A2E83B39D0088D92E /* Extras+Constant.swift */; };
		B3AA563D2E83B4A80088D92E /* Comph1v2Model.swift in Sources */ = {isa = PBXBuildFile; fileRef = B3AA563C2E83B4A50088D92E /* Comph1v2Model.swift */; };
		B3AA563F2E83B6050088D92E /* Comphy2Model.swift in Sources */ = {isa = PBXBuildFile; fileRef = B3AA563E2E83B5FF0088D92E /* Comphy2Model.swift */; };
		B3AA56412E83B6600088D92E /* ApiRequestModel.swift in Sources */ = {isa = PBXBuildFile; fileRef = B3AA56402E83B65B0088D92E /* ApiRequestModel.swift */; };
		B3AA56462E83BBD20088D92E /* AIAvatarDiscoverListViewController.swift in Sources */ = {isa = PBXBuildFile; fileRef = B3AA56452E83BBD20088D92E /* AIAvatarDiscoverListViewController.swift */; };
		B3AA564E2E83BD6E0088D92E /* AIAvatarDiscoverListCell.swift in Sources */ = {isa = PBXBuildFile; fileRef = B3AA56472E83BD6E0088D92E /* AIAvatarDiscoverListCell.swift */; };
		B3AA564F2E83BD6E0088D92E /* AIAvatarDiscoverCategoryCell.swift in Sources */ = {isa = PBXBuildFile; fileRef = B3AA564A2E83BD6E0088D92E /* AIAvatarDiscoverCategoryCell.swift */; };
		B3AA56502E83BD6E0088D92E /* AIAvatarDiscoverCategoryCell.xib in Resources */ = {isa = PBXBuildFile; fileRef = B3AA564B2E83BD6E0088D92E /* AIAvatarDiscoverCategoryCell.xib */; };
		B3AA56512E83BD6E0088D92E /* AIAvatarDiscoverListCell.xib in Resources */ = {isa = PBXBuildFile; fileRef = B3AA56482E83BD6E0088D92E /* AIAvatarDiscoverListCell.xib */; };
		B3AA56592E83E86C0088D92E /* JSONDisplayer.swift in Sources */ = {isa = PBXBuildFile; fileRef = B3AA56582E83E86C0088D92E /* JSONDisplayer.swift */; };
		B3AA565B2E83E87A0088D92E /* JSONDisplayer.xib in Resources */ = {isa = PBXBuildFile; fileRef = B3AA565A2E83E87A0088D92E /* JSONDisplayer.xib */; };
		B3D3D9682E856D78005BE253 /* SVProgressHUD in Frameworks */ = {isa = PBXBuildFile; productRef = B3D3D9672E856D78005BE253 /* SVProgressHUD */; };
		B3D3D96B2E856D8B005BE253 /* ZipArchive in Frameworks */ = {isa = PBXBuildFile; productRef = B3D3D96A2E856D8B005BE253 /* ZipArchive */; };
		B3D3D96F2E856F43005BE253 /* SDWebImage in Frameworks */ = {isa = PBXBuildFile; productRef = B3D3D96E2E856F43005BE253 /* SDWebImage */; };
		B3D3D9712E856F43005BE253 /* SDWebImageMapKit in Frameworks */ = {isa = PBXBuildFile; productRef = B3D3D9702E856F43005BE253 /* SDWebImageMapKit */; };
		B3F4BF3E2E89196F00953D22 /* validJSON.json in Resources */ = {isa = PBXBuildFile; fileRef = B3F4BF3D2E89196F00953D22 /* validJSON.json */; };
		BEA815448F076861EF3B4CA7 /* Pods_Comphy2DiscoverDemo.framework in Frameworks */ = {isa = PBXBuildFile; fileRef = 5DB1D169E75FBDBF7E1E0CFB /* Pods_Comphy2DiscoverDemo.framework */; };
/* End PBXBuildFile section */

/* Begin PBXFileReference section */
		1B6CA9374879156B5FE2C816 /* Pods-Comphy2DiscoverDemo.debug.xcconfig */ = {isa = PBXFileReference; includeInIndex = 1; lastKnownFileType = text.xcconfig; name = "Pods-Comphy2DiscoverDemo.debug.xcconfig"; path = "Target Support Files/Pods-Comphy2DiscoverDemo/Pods-Comphy2DiscoverDemo.debug.xcconfig"; sourceTree = "<group>"; };
		5DB1D169E75FBDBF7E1E0CFB /* Pods_Comphy2DiscoverDemo.framework */ = {isa = PBXFileReference; explicitFileType = wrapper.framework; includeInIndex = 0; path = Pods_Comphy2DiscoverDemo.framework; sourceTree = BUILT_PRODUCTS_DIR; };
		B31198E22E85482600B44F6D /* OutputImageView.xib */ = {isa = PBXFileReference; lastKnownFileType = file.xib; path = OutputImageView.xib; sourceTree = "<group>"; };
		B31198E42E854C7500B44F6D /* OutputImageView.swift */ = {isa = PBXFileReference; lastKnownFileType = sourcecode.swift; path = OutputImageView.swift; sourceTree = "<group>"; };
		B3AA560B2E83B1870088D92E /* Comphy2DiscoverDemo.app */ = {isa = PBXFileReference; explicitFileType = wrapper.application; includeInIndex = 0; path = Comphy2DiscoverDemo.app; sourceTree = BUILT_PRODUCTS_DIR; };
		B3AA56232E83B3690088D92E /* AppDelegate.swift */ = {isa = PBXFileReference; lastKnownFileType = sourcecode.swift; path = AppDelegate.swift; sourceTree = "<group>"; };
		B3AA56242E83B3690088D92E /* Assets.xcassets */ = {isa = PBXFileReference; lastKnownFileType = folder.assetcatalog; path = Assets.xcassets; sourceTree = "<group>"; };
		B3AA56252E83B3690088D92E /* Info.plist */ = {isa = PBXFileReference; lastKnownFileType = text.plist.xml; path = Info.plist; sourceTree = "<group>"; };
		B3AA56262E83B3690088D92E /* Base */ = {isa = PBXFileReference; lastKnownFileType = file.storyboard; name = Base; path = Base.lproj/LaunchScreen.storyboard; sourceTree = "<group>"; };
		B3AA56282E83B3690088D92E /* Base */ = {isa = PBXFileReference; lastKnownFileType = file.storyboard; name = Base; path = Base.lproj/Main.storyboard; sourceTree = "<group>"; };
		B3AA562A2E83B3690088D92E /* SceneDelegate.swift */ = {isa = PBXFileReference; lastKnownFileType = sourcecode.swift; path = SceneDelegate.swift; sourceTree = "<group>"; };
		B3AA562B2E83B3690088D92E /* ViewController.swift */ = {isa = PBXFileReference; lastKnownFileType = sourcecode.swift; path = ViewController.swift; sourceTree = "<group>"; };
		B3AA56352E83B3740088D92E /* Comphy1v2ApiRequest.swift */ = {isa = PBXFileReference; lastKnownFileType = sourcecode.swift; path = Comphy1v2ApiRequest.swift; sourceTree = "<group>"; };
		B3AA56362E83B3740088D92E /* Comphy2ApiRequest.swift */ = {isa = PBXFileReference; lastKnownFileType = sourcecode.swift; path = Comphy2ApiRequest.swift; sourceTree = "<group>"; };
		B3AA563A2E83B39D0088D92E /* Extras+Constant.swift */ = {isa = PBXFileReference; lastKnownFileType = sourcecode.swift; path = "Extras+Constant.swift"; sourceTree = "<group>"; };
		B3AA563C2E83B4A50088D92E /* Comph1v2Model.swift */ = {isa = PBXFileReference; lastKnownFileType = sourcecode.swift; path = Comph1v2Model.swift; sourceTree = "<group>"; };
		B3AA563E2E83B5FF0088D92E /* Comphy2Model.swift */ = {isa = PBXFileReference; lastKnownFileType = sourcecode.swift; path = Comphy2Model.swift; sourceTree = "<group>"; };
		B3AA56402E83B65B0088D92E /* ApiRequestModel.swift */ = {isa = PBXFileReference; lastKnownFileType = sourcecode.swift; path = ApiRequestModel.swift; sourceTree = "<group>"; };
		B3AA56452E83BBD20088D92E /* AIAvatarDiscoverListViewController.swift */ = {isa = PBXFileReference; lastKnownFileType = sourcecode.swift; path = AIAvatarDiscoverListViewController.swift; sourceTree = "<group>"; };
		B3AA56472E83BD6E0088D92E /* AIAvatarDiscoverListCell.swift */ = {isa = PBXFileReference; lastKnownFileType = sourcecode.swift; path = AIAvatarDiscoverListCell.swift; sourceTree = "<group>"; };
		B3AA56482E83BD6E0088D92E /* AIAvatarDiscoverListCell.xib */ = {isa = PBXFileReference; lastKnownFileType = file.xib; path = AIAvatarDiscoverListCell.xib; sourceTree = "<group>"; };
		B3AA564A2E83BD6E0088D92E /* AIAvatarDiscoverCategoryCell.swift */ = {isa = PBXFileReference; lastKnownFileType = sourcecode.swift; path = AIAvatarDiscoverCategoryCell.swift; sourceTree = "<group>"; };
		B3AA564B2E83BD6E0088D92E /* AIAvatarDiscoverCategoryCell.xib */ = {isa = PBXFileReference; lastKnownFileType = file.xib; path = AIAvatarDiscoverCategoryCell.xib; sourceTree = "<group>"; };
		B3AA56582E83E86C0088D92E /* JSONDisplayer.swift */ = {isa = PBXFileReference; lastKnownFileType = sourcecode.swift; path = JSONDisplayer.swift; sourceTree = "<group>"; };
		B3AA565A2E83E87A0088D92E /* JSONDisplayer.xib */ = {isa = PBXFileReference; lastKnownFileType = file.xib; path = JSONDisplayer.xib; sourceTree = "<group>"; };
		B3F4BF3D2E89196F00953D22 /* validJSON.json */ = {isa = PBXFileReference; lastKnownFileType = text.json; path = validJSON.json; sourceTree = "<group>"; };
		F6D69D56CDD1A7ED00A16EE2 /* Pods-Comphy2DiscoverDemo.release.xcconfig */ = {isa = PBXFileReference; includeInIndex = 1; lastKnownFileType = text.xcconfig; name = "Pods-Comphy2DiscoverDemo.release.xcconfig"; path = "Target Support Files/Pods-Comphy2DiscoverDemo/Pods-Comphy2DiscoverDemo.release.xcconfig"; sourceTree = "<group>"; };
/* End PBXFileReference section */

/* Begin PBXFrameworksBuildPhase section */
		B3AA56082E83B1870088D92E /* Frameworks */ = {
			isa = PBXFrameworksBuildPhase;
			buildActionMask = 2147483647;
			files = (
				B3D3D9682E856D78005BE253 /* SVProgressHUD in Frameworks */,
				B3D3D9712E856F43005BE253 /* SDWebImageMapKit in Frameworks */,
				BEA815448F076861EF3B4CA7 /* Pods_Comphy2DiscoverDemo.framework in Frameworks */,
				B3D3D96F2E856F43005BE253 /* SDWebImage in Frameworks */,
				B3D3D96B2E856D8B005BE253 /* ZipArchive in Frameworks */,
			);
			runOnlyForDeploymentPostprocessing = 0;
		};
/* End PBXFrameworksBuildPhase section */

/* Begin PBXGroup section */
		3BAC7452C88E0665EAB87635 /* Pods */ = {
			isa = PBXGroup;
			children = (
				1B6CA9374879156B5FE2C816 /* Pods-Comphy2DiscoverDemo.debug.xcconfig */,
				F6D69D56CDD1A7ED00A16EE2 /* Pods-Comphy2DiscoverDemo.release.xcconfig */,
			);
			path = Pods;
			sourceTree = "<group>";
		};
		B3AA56022E83B1870088D92E = {
			isa = PBXGroup;
			children = (
				B3AA562C2E83B3690088D92E /* Comphy2DiscoverDemo */,
				B3AA560C2E83B1870088D92E /* Products */,
				3BAC7452C88E0665EAB87635 /* Pods */,
				FA7E87A807CBE1EE02B43678 /* Frameworks */,
			);
			sourceTree = "<group>";
		};
		B3AA560C2E83B1870088D92E /* Products */ = {
			isa = PBXGroup;
			children = (
				B3AA560B2E83B1870088D92E /* Comphy2DiscoverDemo.app */,
			);
			name = Products;
			sourceTree = "<group>";
		};
		B3AA562C2E83B3690088D92E /* Comphy2DiscoverDemo */ = {
			isa = PBXGroup;
			children = (
				B3AA56572E83E8360088D92E /* Views */,
				B3AA56392E83B3930088D92E /* Utility */,
				B3AA56342E83B36D0088D92E /* Api Manager */,
				B3AA564D2E83BD6E0088D92E /* AiAvatarCollectionViewCell */,
				B3AA56232E83B3690088D92E /* AppDelegate.swift */,
				B3AA56242E83B3690088D92E /* Assets.xcassets */,
				B3AA56252E83B3690088D92E /* Info.plist */,
				B3AA56272E83B3690088D92E /* LaunchScreen.storyboard */,
				B3AA56292E83B3690088D92E /* Main.storyboard */,
				B3AA562A2E83B3690088D92E /* SceneDelegate.swift */,
				B3AA562B2E83B3690088D92E /* ViewController.swift */,
				B3AA56452E83BBD20088D92E /* AIAvatarDiscoverListViewController.swift */,
				B3F4BF3D2E89196F00953D22 /* validJSON.json */,
			);
			path = Comphy2DiscoverDemo;
			sourceTree = "<group>";
		};
		B3AA56342E83B36D0088D92E /* Api Manager */ = {
			isa = PBXGroup;
			children = (
				B3AA56352E83B3740088D92E /* Comphy1v2ApiRequest.swift */,
				B3AA56362E83B3740088D92E /* Comphy2ApiRequest.swift */,
			);
			path = "Api Manager";
			sourceTree = "<group>";
		};
		B3AA56392E83B3930088D92E /* Utility */ = {
			isa = PBXGroup;
			children = (
				B3AA56402E83B65B0088D92E /* ApiRequestModel.swift */,
				B3AA563E2E83B5FF0088D92E /* Comphy2Model.swift */,
				B3AA563C2E83B4A50088D92E /* Comph1v2Model.swift */,
				B3AA563A2E83B39D0088D92E /* Extras+Constant.swift */,
			);
			path = Utility;
			sourceTree = "<group>";
		};
		B3AA56492E83BD6E0088D92E /* DiscoverList */ = {
			isa = PBXGroup;
			children = (
				B3AA56472E83BD6E0088D92E /* AIAvatarDiscoverListCell.swift */,
				B3AA56482E83BD6E0088D92E /* AIAvatarDiscoverListCell.xib */,
			);
			path = DiscoverList;
			sourceTree = "<group>";
		};
		B3AA564C2E83BD6E0088D92E /* DiscoverCategory */ = {
			isa = PBXGroup;
			children = (
				B3AA564A2E83BD6E0088D92E /* AIAvatarDiscoverCategoryCell.swift */,
				B3AA564B2E83BD6E0088D92E /* AIAvatarDiscoverCategoryCell.xib */,
			);
			path = DiscoverCategory;
			sourceTree = "<group>";
		};
		B3AA564D2E83BD6E0088D92E /* AiAvatarCollectionViewCell */ = {
			isa = PBXGroup;
			children = (
				B3AA56492E83BD6E0088D92E /* DiscoverList */,
				B3AA564C2E83BD6E0088D92E /* DiscoverCategory */,
			);
			path = AiAvatarCollectionViewCell;
			sourceTree = "<group>";
		};
		B3AA56572E83E8360088D92E /* Views */ = {
			isa = PBXGroup;
			children = (
				B3AA56582E83E86C0088D92E /* JSONDisplayer.swift */,
				B3AA565A2E83E87A0088D92E /* JSONDisplayer.xib */,
				B31198E22E85482600B44F6D /* OutputImageView.xib */,
				B31198E42E854C7500B44F6D /* OutputImageView.swift */,
			);
			path = Views;
			sourceTree = "<group>";
		};
		FA7E87A807CBE1EE02B43678 /* Frameworks */ = {
			isa = PBXGroup;
			children = (
				5DB1D169E75FBDBF7E1E0CFB /* Pods_Comphy2DiscoverDemo.framework */,
			);
			name = Frameworks;
			sourceTree = "<group>";
		};
/* End PBXGroup section */

/* Begin PBXNativeTarget section */
		B3AA560A2E83B1870088D92E /* Comphy2DiscoverDemo */ = {
			isa = PBXNativeTarget;
			buildConfigurationList = B3AA561E2E83B18A0088D92E /* Build configuration list for PBXNativeTarget "Comphy2DiscoverDemo" */;
			buildPhases = (
				31BDFD1B6DF4391B0CC33210 /* [CP] Check Pods Manifest.lock */,
				B3AA56072E83B1870088D92E /* Sources */,
				B3AA56082E83B1870088D92E /* Frameworks */,
				B3AA56092E83B1870088D92E /* Resources */,
			);
			buildRules = (
			);
			dependencies = (
			);
			name = Comphy2DiscoverDemo;
			packageProductDependencies = (
				B3D3D9672E856D78005BE253 /* SVProgressHUD */,
				B3D3D96A2E856D8B005BE253 /* ZipArchive */,
				B3D3D96E2E856F43005BE253 /* SDWebImage */,
				B3D3D9702E856F43005BE253 /* SDWebImageMapKit */,
			);
			productName = Comphy2DiscoverDemo;
			productReference = B3AA560B2E83B1870088D92E /* Comphy2DiscoverDemo.app */;
			productType = "com.apple.product-type.application";
		};
/* End PBXNativeTarget section */

/* Begin PBXProject section */
		B3AA56032E83B1870088D92E /* Project object */ = {
			isa = PBXProject;
			attributes = {
				BuildIndependentTargetsInParallel = 1;
				LastSwiftUpdateCheck = 1620;
				LastUpgradeCheck = 1620;
				TargetAttributes = {
					B3AA560A2E83B1870088D92E = {
						CreatedOnToolsVersion = 16.2;
					};
				};
			};
			buildConfigurationList = B3AA56062E83B1870088D92E /* Build configuration list for PBXProject "Comphy2DiscoverDemo" */;
			compatibilityVersion = "Xcode 12.0";
			developmentRegion = en;
			hasScannedForEncodings = 0;
			knownRegions = (
				en,
				Base,
			);
			mainGroup = B3AA56022E83B1870088D92E;
			minimizedProjectReferenceProxies = 1;
			packageReferences = (
				B3D3D9662E856D78005BE253 /* XCRemoteSwiftPackageReference "SVProgressHUD" */,
				B3D3D9692E856D8B005BE253 /* XCRemoteSwiftPackageReference "ZipArchive" */,
				B3D3D96D2E856F43005BE253 /* XCRemoteSwiftPackageReference "SDWebImage" */,
			);
			productRefGroup = B3AA560C2E83B1870088D92E /* Products */;
			projectDirPath = "";
			projectRoot = "";
			targets = (
				B3AA560A2E83B1870088D92E /* Comphy2DiscoverDemo */,
			);
		};
/* End PBXProject section */

/* Begin PBXResourcesBuildPhase section */
		B3AA56092E83B1870088D92E /* Resources */ = {
			isa = PBXResourcesBuildPhase;
			buildActionMask = 2147483647;
			files = (
				B3F4BF3E2E89196F00953D22 /* validJSON.json in Resources */,
				B3AA56302E83B3690088D92E /* Assets.xcassets in Resources */,
				B3AA56322E83B3690088D92E /* LaunchScreen.storyboard in Resources */,
				B3AA56332E83B3690088D92E /* Main.storyboard in Resources */,
				B3AA565B2E83E87A0088D92E /* JSONDisplayer.xib in Resources */,
				B3AA56502E83BD6E0088D92E /* AIAvatarDiscoverCategoryCell.xib in Resources */,
				B31198E32E85482600B44F6D /* OutputImageView.xib in Resources */,
				B3AA56512E83BD6E0088D92E /* AIAvatarDiscoverListCell.xib in Resources */,
			);
			runOnlyForDeploymentPostprocessing = 0;
		};
/* End PBXResourcesBuildPhase section */

/* Begin PBXShellScriptBuildPhase section */
		31BDFD1B6DF4391B0CC33210 /* [CP] Check Pods Manifest.lock */ = {
			isa = PBXShellScriptBuildPhase;
			buildActionMask = 2147483647;
			files = (
			);
			inputFileListPaths = (
			);
			inputPaths = (
				"${PODS_PODFILE_DIR_PATH}/Podfile.lock",
				"${PODS_ROOT}/Manifest.lock",
			);
			name = "[CP] Check Pods Manifest.lock";
			outputFileListPaths = (
			);
			outputPaths = (
				"$(DERIVED_FILE_DIR)/Pods-Comphy2DiscoverDemo-checkManifestLockResult.txt",
			);
			runOnlyForDeploymentPostprocessing = 0;
			shellPath = /bin/sh;
			shellScript = "diff \"${PODS_PODFILE_DIR_PATH}/Podfile.lock\" \"${PODS_ROOT}/Manifest.lock\" > /dev/null\nif [ $? != 0 ] ; then\n    # print error to STDERR\n    echo \"error: The sandbox is not in sync with the Podfile.lock. Run 'pod install' or update your CocoaPods installation.\" >&2\n    exit 1\nfi\n# This output is used by Xcode 'outputs' to avoid re-running this script phase.\necho \"SUCCESS\" > \"${SCRIPT_OUTPUT_FILE_0}\"\n";
			showEnvVarsInLog = 0;
		};
/* End PBXShellScriptBuildPhase section */

/* Begin PBXSourcesBuildPhase section */
		B3AA56072E83B1870088D92E /* Sources */ = {
			isa = PBXSourcesBuildPhase;
			buildActionMask = 2147483647;
			files = (
				B3AA56462E83BBD20088D92E /* AIAvatarDiscoverListViewController.swift in Sources */,
				B3AA563F2E83B6050088D92E /* Comphy2Model.swift in Sources */,
				B3AA56592E83E86C0088D92E /* JSONDisplayer.swift in Sources */,
				B3AA563D2E83B4A80088D92E /* Comph1v2Model.swift in Sources */,
				B3AA562D2E83B3690088D92E /* AppDelegate.swift in Sources */,
				B3AA562E2E83B3690088D92E /* SceneDelegate.swift in Sources */,
				B3AA562F2E83B3690088D92E /* ViewController.swift in Sources */,
				B3AA56372E83B3740088D92E /* Comphy1v2ApiRequest.swift in Sources */,
				B3AA563B2E83B3A80088D92E /* Extras+Constant.swift in Sources */,
				B3AA56412E83B6600088D92E /* ApiRequestModel.swift in Sources */,
				B3AA56382E83B3740088D92E /* Comphy2ApiRequest.swift in Sources */,
				B3AA564E2E83BD6E0088D92E /* AIAvatarDiscoverListCell.swift in Sources */,
				B3AA564F2E83BD6E0088D92E /* AIAvatarDiscoverCategoryCell.swift in Sources */,
				B31198E52E854C7500B44F6D /* OutputImageView.swift in Sources */,
			);
			runOnlyForDeploymentPostprocessing = 0;
		};
/* End PBXSourcesBuildPhase section */

/* Begin PBXVariantGroup section */
		B3AA56272E83B3690088D92E /* LaunchScreen.storyboard */ = {
			isa = PBXVariantGroup;
			children = (
				B3AA56262E83B3690088D92E /* Base */,
			);
			name = LaunchScreen.storyboard;
			sourceTree = "<group>";
		};
		B3AA56292E83B3690088D92E /* Main.storyboard */ = {
			isa = PBXVariantGroup;
			children = (
				B3AA56282E83B3690088D92E /* Base */,
			);
			name = Main.storyboard;
			sourceTree = "<group>";
		};
/* End PBXVariantGroup section */

/* Begin XCBuildConfiguration section */
		B3AA561F2E83B18A0088D92E /* Debug */ = {
			isa = XCBuildConfiguration;
			baseConfigurationReference = 1B6CA9374879156B5FE2C816 /* Pods-Comphy2DiscoverDemo.debug.xcconfig */;
			buildSettings = {
				ASSETCATALOG_COMPILER_APPICON_NAME = AppIcon;
				ASSETCATALOG_COMPILER_GLOBAL_ACCENT_COLOR_NAME = AccentColor;
				CODE_SIGN_STYLE = Automatic;
				CURRENT_PROJECT_VERSION = 1;
				DEVELOPMENT_TEAM = QA5HCG2XW6;
				GENERATE_INFOPLIST_FILE = YES;
				INFOPLIST_FILE = Comphy2DiscoverDemo/Info.plist;
				INFOPLIST_KEY_NSPhotoLibraryAddUsageDescription = "Allow Photo permission to save";
				INFOPLIST_KEY_UIApplicationSupportsIndirectInputEvents = YES;
				INFOPLIST_KEY_UILaunchStoryboardName = LaunchScreen;
				INFOPLIST_KEY_UIMainStoryboardFile = Main;
				INFOPLIST_KEY_UISupportedInterfaceOrientations = UIInterfaceOrientationPortrait;
				IPHONEOS_DEPLOYMENT_TARGET = 15.0;
				LD_RUNPATH_SEARCH_PATHS = (
					"$(inherited)",
					"@executable_path/Frameworks",
				);
				MARKETING_VERSION = 1.0;
				PRODUCT_BUNDLE_IDENTIFIER = com.debotoshdey.Comphy2DiscoverDemo;
				PRODUCT_NAME = "$(TARGET_NAME)";
				SWIFT_EMIT_LOC_STRINGS = YES;
				SWIFT_VERSION = 5.0;
				TARGETED_DEVICE_FAMILY = "1,2";
			};
			name = Debug;
		};
		B3AA56202E83B18A0088D92E /* Release */ = {
			isa = XCBuildConfiguration;
			baseConfigurationReference = F6D69D56CDD1A7ED00A16EE2 /* Pods-Comphy2DiscoverDemo.release.xcconfig */;
			buildSettings = {
				ASSETCATALOG_COMPILER_APPICON_NAME = AppIcon;
				ASSETCATALOG_COMPILER_GLOBAL_ACCENT_COLOR_NAME = AccentColor;
				CODE_SIGN_STYLE = Automatic;
				CURRENT_PROJECT_VERSION = 1;
				DEVELOPMENT_TEAM = QA5HCG2XW6;
				GENERATE_INFOPLIST_FILE = YES;
				INFOPLIST_FILE = Comphy2DiscoverDemo/Info.plist;
				INFOPLIST_KEY_NSPhotoLibraryAddUsageDescription = "Allow Photo permission to save";
				INFOPLIST_KEY_UIApplicationSupportsIndirectInputEvents = YES;
				INFOPLIST_KEY_UILaunchStoryboardName = LaunchScreen;
				INFOPLIST_KEY_UIMainStoryboardFile = Main;
				INFOPLIST_KEY_UISupportedInterfaceOrientations = UIInterfaceOrientationPortrait;
				IPHONEOS_DEPLOYMENT_TARGET = 15.0;
				LD_RUNPATH_SEARCH_PATHS = (
					"$(inherited)",
					"@executable_path/Frameworks",
				);
				MARKETING_VERSION = 1.0;
				PRODUCT_BUNDLE_IDENTIFIER = com.debotoshdey.Comphy2DiscoverDemo;
				PRODUCT_NAME = "$(TARGET_NAME)";
				SWIFT_EMIT_LOC_STRINGS = YES;
				SWIFT_VERSION = 5.0;
				TARGETED_DEVICE_FAMILY = "1,2";
			};
			name = Release;
		};
		B3AA56212E83B18A0088D92E /* Debug */ = {
			isa = XCBuildConfiguration;
			buildSettings = {
				ALWAYS_SEARCH_USER_PATHS = NO;
				ASSETCATALOG_COMPILER_GENERATE_SWIFT_ASSET_SYMBOL_EXTENSIONS = YES;
				CLANG_ANALYZER_NONNULL = YES;
				CLANG_ANALYZER_NUMBER_OBJECT_CONVERSION = YES_AGGRESSIVE;
				CLANG_CXX_LANGUAGE_STANDARD = "gnu++20";
				CLANG_ENABLE_MODULES = YES;
				CLANG_ENABLE_OBJC_ARC = YES;
				CLANG_ENABLE_OBJC_WEAK = YES;
				CLANG_WARN_BLOCK_CAPTURE_AUTORELEASING = YES;
				CLANG_WARN_BOOL_CONVERSION = YES;
				CLANG_WARN_COMMA = YES;
				CLANG_WARN_CONSTANT_CONVERSION = YES;
				CLANG_WARN_DEPRECATED_OBJC_IMPLEMENTATIONS = YES;
				CLANG_WARN_DIRECT_OBJC_ISA_USAGE = YES_ERROR;
				CLANG_WARN_DOCUMENTATION_COMMENTS = YES;
				CLANG_WARN_EMPTY_BODY = YES;
				CLANG_WARN_ENUM_CONVERSION = YES;
				CLANG_WARN_INFINITE_RECURSION = YES;
				CLANG_WARN_INT_CONVERSION = YES;
				CLANG_WARN_NON_LITERAL_NULL_CONVERSION = YES;
				CLANG_WARN_OBJC_IMPLICIT_RETAIN_SELF = YES;
				CLANG_WARN_OBJC_LITERAL_CONVERSION = YES;
				CLANG_WARN_OBJC_ROOT_CLASS = YES_ERROR;
				CLANG_WARN_QUOTED_INCLUDE_IN_FRAMEWORK_HEADER = YES;
				CLANG_WARN_RANGE_LOOP_ANALYSIS = YES;
				CLANG_WARN_STRICT_PROTOTYPES = YES;
				CLANG_WARN_SUSPICIOUS_MOVE = YES;
				CLANG_WARN_UNGUARDED_AVAILABILITY = YES_AGGRESSIVE;
				CLANG_WARN_UNREACHABLE_CODE = YES;
				CLANG_WARN__DUPLICATE_METHOD_MATCH = YES;
				COPY_PHASE_STRIP = NO;
				DEBUG_INFORMATION_FORMAT = dwarf;
				ENABLE_STRICT_OBJC_MSGSEND = YES;
				ENABLE_TESTABILITY = YES;
				ENABLE_USER_SCRIPT_SANDBOXING = YES;
				GCC_C_LANGUAGE_STANDARD = gnu17;
				GCC_DYNAMIC_NO_PIC = NO;
				GCC_NO_COMMON_BLOCKS = YES;
				GCC_OPTIMIZATION_LEVEL = 0;
				GCC_PREPROCESSOR_DEFINITIONS = (
					"DEBUG=1",
					"$(inherited)",
				);
				GCC_WARN_64_TO_32_BIT_CONVERSION = YES;
				GCC_WARN_ABOUT_RETURN_TYPE = YES_ERROR;
				GCC_WARN_UNDECLARED_SELECTOR = YES;
				GCC_WARN_UNINITIALIZED_AUTOS = YES_AGGRESSIVE;
				GCC_WARN_UNUSED_FUNCTION = YES;
				GCC_WARN_UNUSED_VARIABLE = YES;
				IPHONEOS_DEPLOYMENT_TARGET = 18.2;
				LOCALIZATION_PREFERS_STRING_CATALOGS = YES;
				MTL_ENABLE_DEBUG_INFO = INCLUDE_SOURCE;
				MTL_FAST_MATH = YES;
				ONLY_ACTIVE_ARCH = YES;
				SDKROOT = iphoneos;
				SWIFT_ACTIVE_COMPILATION_CONDITIONS = "DEBUG $(inherited)";
				SWIFT_OPTIMIZATION_LEVEL = "-Onone";
			};
			name = Debug;
		};
		B3AA56222E83B18A0088D92E /* Release */ = {
			isa = XCBuildConfiguration;
			buildSettings = {
				ALWAYS_SEARCH_USER_PATHS = NO;
				ASSETCATALOG_COMPILER_GENERATE_SWIFT_ASSET_SYMBOL_EXTENSIONS = YES;
				CLANG_ANALYZER_NONNULL = YES;
				CLANG_ANALYZER_NUMBER_OBJECT_CONVERSION = YES_AGGRESSIVE;
				CLANG_CXX_LANGUAGE_STANDARD = "gnu++20";
				CLANG_ENABLE_MODULES = YES;
				CLANG_ENABLE_OBJC_ARC = YES;
				CLANG_ENABLE_OBJC_WEAK = YES;
				CLANG_WARN_BLOCK_CAPTURE_AUTORELEASING = YES;
				CLANG_WARN_BOOL_CONVERSION = YES;
				CLANG_WARN_COMMA = YES;
				CLANG_WARN_CONSTANT_CONVERSION = YES;
				CLANG_WARN_DEPRECATED_OBJC_IMPLEMENTATIONS = YES;
				CLANG_WARN_DIRECT_OBJC_ISA_USAGE = YES_ERROR;
				CLANG_WARN_DOCUMENTATION_COMMENTS = YES;
				CLANG_WARN_EMPTY_BODY = YES;
				CLANG_WARN_ENUM_CONVERSION = YES;
				CLANG_WARN_INFINITE_RECURSION = YES;
				CLANG_WARN_INT_CONVERSION = YES;
				CLANG_WARN_NON_LITERAL_NULL_CONVERSION = YES;
				CLANG_WARN_OBJC_IMPLICIT_RETAIN_SELF = YES;
				CLANG_WARN_OBJC_LITERAL_CONVERSION = YES;
				CLANG_WARN_OBJC_ROOT_CLASS = YES_ERROR;
				CLANG_WARN_QUOTED_INCLUDE_IN_FRAMEWORK_HEADER = YES;
				CLANG_WARN_RANGE_LOOP_ANALYSIS = YES;
				CLANG_WARN_STRICT_PROTOTYPES = YES;
				CLANG_WARN_SUSPICIOUS_MOVE = YES;
				CLANG_WARN_UNGUARDED_AVAILABILITY = YES_AGGRESSIVE;
				CLANG_WARN_UNREACHABLE_CODE = YES;
				CLANG_WARN__DUPLICATE_METHOD_MATCH = YES;
				COPY_PHASE_STRIP = NO;
				DEBUG_INFORMATION_FORMAT = "dwarf-with-dsym";
				ENABLE_NS_ASSERTIONS = NO;
				ENABLE_STRICT_OBJC_MSGSEND = YES;
				ENABLE_USER_SCRIPT_SANDBOXING = YES;
				GCC_C_LANGUAGE_STANDARD = gnu17;
				GCC_NO_COMMON_BLOCKS = YES;
				GCC_WARN_64_TO_32_BIT_CONVERSION = YES;
				GCC_WARN_ABOUT_RETURN_TYPE = YES_ERROR;
				GCC_WARN_UNDECLARED_SELECTOR = YES;
				GCC_WARN_UNINITIALIZED_AUTOS = YES_AGGRESSIVE;
				GCC_WARN_UNUSED_FUNCTION = YES;
				GCC_WARN_UNUSED_VARIABLE = YES;
				IPHONEOS_DEPLOYMENT_TARGET = 18.2;
				LOCALIZATION_PREFERS_STRING_CATALOGS = YES;
				MTL_ENABLE_DEBUG_INFO = NO;
				MTL_FAST_MATH = YES;
				SDKROOT = iphoneos;
				SWIFT_COMPILATION_MODE = wholemodule;
				VALIDATE_PRODUCT = YES;
			};
			name = Release;
		};
/* End XCBuildConfiguration section */

/* Begin XCConfigurationList section */
		B3AA56062E83B1870088D92E /* Build configuration list for PBXProject "Comphy2DiscoverDemo" */ = {
			isa = XCConfigurationList;
			buildConfigurations = (
				B3AA56212E83B18A0088D92E /* Debug */,
				B3AA56222E83B18A0088D92E /* Release */,
			);
			defaultConfigurationIsVisible = 0;
			defaultConfigurationName = Release;
		};
		B3AA561E2E83B18A0088D92E /* Build configuration list for PBXNativeTarget "Comphy2DiscoverDemo" */ = {
			isa = XCConfigurationList;
			buildConfigurations = (
				B3AA561F2E83B18A0088D92E /* Debug */,
				B3AA56202E83B18A0088D92E /* Release */,
			);
			defaultConfigurationIsVisible = 0;
			defaultConfigurationName = Release;
		};
/* End XCConfigurationList section */

/* Begin XCRemoteSwiftPackageReference section */
		B3D3D9662E856D78005BE253 /* XCRemoteSwiftPackageReference "SVProgressHUD" */ = {
			isa = XCRemoteSwiftPackageReference;
			repositoryURL = "https://github.com/SVProgressHUD/SVProgressHUD.git";
			requirement = {
				kind = upToNextMajorVersion;
				minimumVersion = 2.3.1;
			};
		};
		B3D3D9692E856D8B005BE253 /* XCRemoteSwiftPackageReference "ZipArchive" */ = {
			isa = XCRemoteSwiftPackageReference;
			repositoryURL = "https://github.com/ZipArchive/ZipArchive.git";
			requirement = {
				kind = upToNextMajorVersion;
				minimumVersion = 2.6.0;
			};
		};
		B3D3D96D2E856F43005BE253 /* XCRemoteSwiftPackageReference "SDWebImage" */ = {
			isa = XCRemoteSwiftPackageReference;
			repositoryURL = "https://github.com/SDWebImage/SDWebImage.git";
			requirement = {
				kind = upToNextMajorVersion;
				minimumVersion = 5.21.2;
			};
		};
/* End XCRemoteSwiftPackageReference section */

/* Begin XCSwiftPackageProductDependency section */
		B3D3D9672E856D78005BE253 /* SVProgressHUD */ = {
			isa = XCSwiftPackageProductDependency;
			package = B3D3D9662E856D78005BE253 /* XCRemoteSwiftPackageReference "SVProgressHUD" */;
			productName = SVProgressHUD;
		};
		B3D3D96A2E856D8B005BE253 /* ZipArchive */ = {
			isa = XCSwiftPackageProductDependency;
			package = B3D3D9692E856D8B005BE253 /* XCRemoteSwiftPackageReference "ZipArchive" */;
			productName = ZipArchive;
		};
		B3D3D96E2E856F43005BE253 /* SDWebImage */ = {
			isa = XCSwiftPackageProductDependency;
			package = B3D3D96D2E856F43005BE253 /* XCRemoteSwiftPackageReference "SDWebImage" */;
			productName = SDWebImage;
		};
		B3D3D9702E856F43005BE253 /* SDWebImageMapKit */ = {
			isa = XCSwiftPackageProductDependency;
			package = B3D3D96D2E856F43005BE253 /* XCRemoteSwiftPackageReference "SDWebImage" */;
			productName = SDWebImageMapKit;
		};
/* End XCSwiftPackageProductDependency section */
	};
	rootObject = B3AA56032E83B1870088D92E /* Project object */;
}
